{
  "pins" : [
    {
      "identity" : "executorch",
      "kind" : "remoteSourceControl",
      "location" : "https://github.com/pytorch/executorch.git",
      "state" : {
        "branch" : "swiftpm-1.1.0",
        "revision" : "e26187330ab28e76f6427783ce6e3664bac63484"
      }
    }
  ],
  "version" : 2
}
